// !$*UTF8*$!
{
	archiveVersion = 1;
	classes = {
	};
	objectVersion = 77;
	objects = {

/* Begin PBXBuildFile section */
		80848C4E2D96846E00AA0454 /* AlbumView.swift in Sources */ = {isa = PBXBuildFile; fileRef = 80848C442D96846E00AA0454 /* AlbumView.swift */; };
		80848C4F2D96846E00AA0454 /* ContentView.swift in Sources */ = {isa = PBXBuildFile; fileRef = 80848C462D96846E00AA0454 /* ContentView.swift */; };
		80848C502D96846E00AA0454 /* ContentViewModel.swift in Sources */ = {isa = PBXBuildFile; fileRef = 80848C472D96846E00AA0454 /* ContentViewModel.swift */; };
		80848C512D96846E00AA0454 /* Data.swift in Sources */ = {isa = PBXBuildFile; fileRef = 80848C482D96846E00AA0454 /* Data.swift */; };
		80848C522D96846E00AA0454 /* ExifImageVIew.swift in Sources */ = {isa = PBXBuildFile; fileRef = 80848C492D96846E00AA0454 /* ExifImageVIew.swift */; };
		80848C532D96846E00AA0454 /* ImageMetadataParser.swift in Sources */ = {isa = PBXBuildFile; fileRef = 80848C4A2D96846E00AA0454 /* ImageMetadataParser.swift */; };
		80848C542D96846E00AA0454 /* PhotoExifApp.swift in Sources */ = {isa = PBXBuildFile; fileRef = 80848C4C2D96846E00AA0454 /* PhotoExifApp.swift */; };
		80848C552D96846E00AA0454 /* Preview Assets.xcassets in Resources */ = {isa = PBXBuildFile; fileRef = 80848C422D96846E00AA0454 /* Preview Assets.xcassets */; };
		80848C562D96846E00AA0454 /* Assets.xcassets in Resources */ = {isa = PBXBuildFile; fileRef = 80848C452D96846E00AA0454 /* Assets.xcassets */; };
/* End PBXBuildFile section */

/* Begin PBXContainerItemProxy section */
		80848C032D94E5C700AA0454 /* PBXContainerItemProxy */ = {
			isa = PBXContainerItemProxy;
			containerPortal = 80848BEA2D94E5C300AA0454 /* Project object */;
			proxyType = 1;
			remoteGlobalIDString = 80848BF12D94E5C300AA0454;
			remoteInfo = PhotoExif;
		};
		80848C0D2D94E5C700AA0454 /* PBXContainerItemProxy */ = {
			isa = PBXContainerItemProxy;
			containerPortal = 80848BEA2D94E5C300AA0454 /* Project object */;
			proxyType = 1;
			remoteGlobalIDString = 80848BF12D94E5C300AA0454;
			remoteInfo = PhotoExif;
		};
/* End PBXContainerItemProxy section */

/* Begin PBXFileReference section */
		80848BF22D94E5C300AA0454 /* PhotoExif.app */ = {isa = PBXFileReference; explicitFileType = wrapper.application; includeInIndex = 0; path = PhotoExif.app; sourceTree = BUILT_PRODUCTS_DIR; };
		80848C022D94E5C700AA0454 /* PhotoExifTests.xctest */ = {isa = PBXFileReference; explicitFileType = wrapper.cfbundle; includeInIndex = 0; path = PhotoExifTests.xctest; sourceTree = BUILT_PRODUCTS_DIR; };
		80848C0C2D94E5C700AA0454 /* PhotoExifUITests.xctest */ = {isa = PBXFileReference; explicitFileType = wrapper.cfbundle; includeInIndex = 0; path = PhotoExifUITests.xctest; sourceTree = BUILT_PRODUCTS_DIR; };
		80848C422D96846E00AA0454 /* Preview Assets.xcassets */ = {isa = PBXFileReference; lastKnownFileType = folder.assetcatalog; path = "Preview Assets.xcassets"; sourceTree = "<group>"; };
		80848C442D96846E00AA0454 /* AlbumView.swift */ = {isa = PBXFileReference; lastKnownFileType = sourcecode.swift; path = AlbumView.swift; sourceTree = "<group>"; };
		80848C452D96846E00AA0454 /* Assets.xcassets */ = {isa = PBXFileReference; lastKnownFileType = folder.assetcatalog; path = Assets.xcassets; sourceTree = "<group>"; };
		80848C462D96846E00AA0454 /* ContentView.swift */ = {isa = PBXFileReference; lastKnownFileType = sourcecode.swift; path = ContentView.swift; sourceTree = "<group>"; };
		80848C472D96846E00AA0454 /* ContentViewModel.swift */ = {isa = PBXFileReference; lastKnownFileType = sourcecode.swift; path = ContentViewModel.swift; sourceTree = "<group>"; };
		80848C482D96846E00AA0454 /* Data.swift */ = {isa = PBXFileReference; lastKnownFileType = sourcecode.swift; path = Data.swift; sourceTree = "<group>"; };
		80848C492D96846E00AA0454 /* ExifImageVIew.swift */ = {isa = PBXFileReference; lastKnownFileType = sourcecode.swift; path = ExifImageVIew.swift; sourceTree = "<group>"; };
		80848C4A2D96846E00AA0454 /* ImageMetadataParser.swift */ = {isa = PBXFileReference; lastKnownFileType = sourcecode.swift; path = ImageMetadataParser.swift; sourceTree = "<group>"; };
		80848C4B2D96846E00AA0454 /* Info.plist */ = {isa = PBXFileReference; lastKnownFileType = text.plist.xml; path = Info.plist; sourceTree = "<group>"; };
		80848C4C2D96846E00AA0454 /* PhotoExifApp.swift */ = {isa = PBXFileReference; lastKnownFileType = sourcecode.swift; path = PhotoExifApp.swift; sourceTree = "<group>"; };
/* End PBXFileReference section */

/* Begin PBXFileSystemSynchronizedRootGroup section */
		80848C052D94E5C700AA0454 /* PhotoExifTests */ = {
			isa = PBXFileSystemSynchronizedRootGroup;
			path = PhotoExifTests;
			sourceTree = "<group>";
		};
		80848C0F2D94E5C700AA0454 /* PhotoExifUITests */ = {
			isa = PBXFileSystemSynchronizedRootGroup;
			path = PhotoExifUITests;
			sourceTree = "<group>";
		};
/* End PBXFileSystemSynchronizedRootGroup section */

/* Begin PBXFrameworksBuildPhase section */
		80848BEF2D94E5C300AA0454 /* Frameworks */ = {
			isa = PBXFrameworksBuildPhase;
			buildActionMask = 2147483647;
			files = (
			);
			runOnlyForDeploymentPostprocessing = 0;
		};
		80848BFF2D94E5C700AA0454 /* Frameworks */ = {
			isa = PBXFrameworksBuildPhase;
			buildActionMask = 2147483647;
			files = (
			);
			runOnlyForDeploymentPostprocessing = 0;
		};
		80848C092D94E5C700AA0454 /* Frameworks */ = {
			isa = PBXFrameworksBuildPhase;
			buildActionMask = 2147483647;
			files = (
			);
			runOnlyForDeploymentPostprocessing = 0;
		};
/* End PBXFrameworksBuildPhase section */

/* Begin PBXGroup section */
		80848BE92D94E5C300AA0454 = {
			isa = PBXGroup;
			children = (
				80848C4D2D96846E00AA0454 /* PhotoExif */,
				80848C052D94E5C700AA0454 /* PhotoExifTests */,
				80848C0F2D94E5C700AA0454 /* PhotoExifUITests */,
				80848BF32D94E5C300AA0454 /* Products */,
			);
			sourceTree = "<group>";
		};
		80848BF32D94E5C300AA0454 /* Products */ = {
			isa = PBXGroup;
			children = (
				80848BF22D94E5C300AA0454 /* PhotoExif.app */,
				80848C022D94E5C700AA0454 /* PhotoExifTests.xctest */,
				80848C0C2D94E5C700AA0454 /* PhotoExifUITests.xctest */,
			);
			name = Products;
			sourceTree = "<group>";
		};
		80848C432D96846E00AA0454 /* Preview Content */ = {
			isa = PBXGroup;
			children = (
				80848C422D96846E00AA0454 /* Preview Assets.xcassets */,
			);
			path = "Preview Content";
			sourceTree = "<group>";
		};
		80848C4D2D96846E00AA0454 /* PhotoExif */ = {
			isa = PBXGroup;
			children = (
				80848C432D96846E00AA0454 /* Preview Content */,
				80848C442D96846E00AA0454 /* AlbumView.swift */,
				80848C452D96846E00AA0454 /* Assets.xcassets */,
				80848C462D96846E00AA0454 /* ContentView.swift */,
				80848C472D96846E00AA0454 /* ContentViewModel.swift */,
				80848C482D96846E00AA0454 /* Data.swift */,
				80848C492D96846E00AA0454 /* ExifImageVIew.swift */,
				80848C4A2D96846E00AA0454 /* ImageMetadataParser.swift */,
				80848C4B2D96846E00AA0454 /* Info.plist */,
				80848C4C2D96846E00AA0454 /* PhotoExifApp.swift */,
			);
			path = PhotoExif;
			sourceTree = "<group>";
		};
/* End PBXGroup section */

/* Begin PBXNativeTarget section */
		80848BF12D94E5C300AA0454 /* PhotoExif */ = {
			isa = PBXNativeTarget;
			buildConfigurationList = 80848C162D94E5C700AA0454 /* Build configuration list for PBXNativeTarget "PhotoExif" */;
			buildPhases = (
				80848BEE2D94E5C300AA0454 /* Sources */,
				80848BEF2D94E5C300AA0454 /* Frameworks */,
				80848BF02D94E5C300AA0454 /* Resources */,
			);
			buildRules = (
			);
			dependencies = (
			);
			name = PhotoExif;
			packageProductDependencies = (
			);
			productName = PhotoExif;
			productReference = 80848BF22D94E5C300AA0454 /* PhotoExif.app */;
			productType = "com.apple.product-type.application";
		};
		80848C012D94E5C700AA0454 /* PhotoExifTests */ = {
			isa = PBXNativeTarget;
			buildConfigurationList = 80848C192D94E5C700AA0454 /* Build configuration list for PBXNativeTarget "PhotoExifTests" */;
			buildPhases = (
				80848BFE2D94E5C700AA0454 /* Sources */,
				80848BFF2D94E5C700AA0454 /* Frameworks */,
				80848C002D94E5C700AA0454 /* Resources */,
			);
			buildRules = (
			);
			dependencies = (
				80848C042D94E5C700AA0454 /* PBXTargetDependency */,
			);
			fileSystemSynchronizedGroups = (
				80848C052D94E5C700AA0454 /* PhotoExifTests */,
			);
			name = PhotoExifTests;
			packageProductDependencies = (
			);
			productName = PhotoExifTests;
			productReference = 80848C022D94E5C700AA0454 /* PhotoExifTests.xctest */;
			productType = "com.apple.product-type.bundle.unit-test";
		};
		80848C0B2D94E5C700AA0454 /* PhotoExifUITests */ = {
			isa = PBXNativeTarget;
			buildConfigurationList = 80848C1C2D94E5C700AA0454 /* Build configuration list for PBXNativeTarget "PhotoExifUITests" */;
			buildPhases = (
				80848C082D94E5C700AA0454 /* Sources */,
				80848C092D94E5C700AA0454 /* Frameworks */,
				80848C0A2D94E5C700AA0454 /* Resources */,
			);
			buildRules = (
			);
			dependencies = (
				80848C0E2D94E5C700AA0454 /* PBXTargetDependency */,
			);
			fileSystemSynchronizedGroups = (
				80848C0F2D94E5C700AA0454 /* PhotoExifUITests */,
			);
			name = PhotoExifUITests;
			packageProductDependencies = (
			);
			productName = PhotoExifUITests;
			productReference = 80848C0C2D94E5C700AA0454 /* PhotoExifUITests.xctest */;
			productType = "com.apple.product-type.bundle.ui-testing";
		};
/* End PBXNativeTarget section */

/* Begin PBXProject section */
		80848BEA2D94E5C300AA0454 /* Project object */ = {
			isa = PBXProject;
			attributes = {
				BuildIndependentTargetsInParallel = 1;
				LastSwiftUpdateCheck = 1620;
				LastUpgradeCheck = 1620;
				TargetAttributes = {
					80848BF12D94E5C300AA0454 = {
						CreatedOnToolsVersion = 16.2;
					};
					80848C012D94E5C700AA0454 = {
						CreatedOnToolsVersion = 16.2;
						TestTargetID = 80848BF12D94E5C300AA0454;
					};
					80848C0B2D94E5C700AA0454 = {
						CreatedOnToolsVersion = 16.2;
						TestTargetID = 80848BF12D94E5C300AA0454;
					};
				};
			};
			buildConfigurationList = 80848BED2D94E5C300AA0454 /* Build configuration list for PBXProject "PhotoExif" */;
			developmentRegion = en;
			hasScannedForEncodings = 0;
			knownRegions = (
				en,
				Base,
			);
			mainGroup = 80848BE92D94E5C300AA0454;
			minimizedProjectReferenceProxies = 1;
			preferredProjectObjectVersion = 77;
			productRefGroup = 80848BF32D94E5C300AA0454 /* Products */;
			projectDirPath = "";
			projectRoot = "";
			targets = (
				80848BF12D94E5C300AA0454 /* PhotoExif */,
				80848C012D94E5C700AA0454 /* PhotoExifTests */,
				80848C0B2D94E5C700AA0454 /* PhotoExifUITests */,
			);
		};
/* End PBXProject section */

/* Begin PBXResourcesBuildPhase section */
		80848BF02D94E5C300AA0454 /* Resources */ = {
			isa = PBXResourcesBuildPhase;
			buildActionMask = 2147483647;
			files = (
				80848C552D96846E00AA0454 /* Preview Assets.xcassets in Resources */,
				80848C562D96846E00AA0454 /* Assets.xcassets in Resources */,
			);
			runOnlyForDeploymentPostprocessing = 0;
		};
		80848C002D94E5C700AA0454 /* Resources */ = {
			isa = PBXResourcesBuildPhase;
			buildActionMask = 2147483647;
			files = (
			);
			runOnlyForDeploymentPostprocessing = 0;
		};
		80848C0A2D94E5C700AA0454 /* Resources */ = {
			isa = PBXResourcesBuildPhase;
			buildActionMask = 2147483647;
			files = (
			);
			runOnlyForDeploymentPostprocessing = 0;
		};
/* End PBXResourcesBuildPhase section */

/* Begin PBXSourcesBuildPhase section */
		80848BEE2D94E5C300AA0454 /* Sources */ = {
			isa = PBXSourcesBuildPhase;
			buildActionMask = 2147483647;
			files = (
				80848C4E2D96846E00AA0454 /* AlbumView.swift in Sources */,
				80848C4F2D96846E00AA0454 /* ContentView.swift in Sources */,
				80848C502D96846E00AA0454 /* ContentViewModel.swift in Sources */,
				80848C512D96846E00AA0454 /* Data.swift in Sources */,
				80848C522D96846E00AA0454 /* ExifImageVIew.swift in Sources */,
				80848C532D96846E00AA0454 /* ImageMetadataParser.swift in Sources */,
				80848C542D96846E00AA0454 /* PhotoExifApp.swift in Sources */,
			);
			runOnlyForDeploymentPostprocessing = 0;
		};
		80848BFE2D94E5C700AA0454 /* Sources */ = {
			isa = PBXSourcesBuildPhase;
			buildActionMask = 2147483647;
			files = (
			);
			runOnlyForDeploymentPostprocessing = 0;
		};
		80848C082D94E5C700AA0454 /* Sources */ = {
			isa = PBXSourcesBuildPhase;
			buildActionMask = 2147483647;
			files = (
			);
			runOnlyForDeploymentPostprocessing = 0;
		};
/* End PBXSourcesBuildPhase section */

/* Begin PBXTargetDependency section */
		80848C042D94E5C700AA0454 /* PBXTargetDependency */ = {
			isa = PBXTargetDependency;
			target = 80848BF12D94E5C300AA0454 /* PhotoExif */;
			targetProxy = 80848C032D94E5C700AA0454 /* PBXContainerItemProxy */;
		};
		80848C0E2D94E5C700AA0454 /* PBXTargetDependency */ = {
			isa = PBXTargetDependency;
			target = 80848BF12D94E5C300AA0454 /* PhotoExif */;
			targetProxy = 80848C0D2D94E5C700AA0454 /* PBXContainerItemProxy */;
		};
/* End PBXTargetDependency section */

/* Begin XCBuildConfiguration section */
		80848C142D94E5C700AA0454 /* Debug */ = {
			isa = XCBuildConfiguration;
			buildSettings = {
				ALWAYS_SEARCH_USER_PATHS = NO;
				ASSETCATALOG_COMPILER_GENERATE_SWIFT_ASSET_SYMBOL_EXTENSIONS = YES;
				CLANG_ANALYZER_NONNULL = YES;
				CLANG_ANALYZER_NUMBER_OBJECT_CONVERSION = YES_AGGRESSIVE;
				CLANG_CXX_LANGUAGE_STANDARD = "gnu++20";
				CLANG_ENABLE_MODULES = YES;
				CLANG_ENABLE_OBJC_ARC = YES;
				CLANG_ENABLE_OBJC_WEAK = YES;
				CLANG_WARN_BLOCK_CAPTURE_AUTORELEASING = YES;
				CLANG_WARN_BOOL_CONVERSION = YES;
				CLANG_WARN_COMMA = YES;
				CLANG_WARN_CONSTANT_CONVERSION = YES;
				CLANG_WARN_DEPRECATED_OBJC_IMPLEMENTATIONS = YES;
				CLANG_WARN_DIRECT_OBJC_ISA_USAGE = YES_ERROR;
				CLANG_WARN_DOCUMENTATION_COMMENTS = YES;
				CLANG_WARN_EMPTY_BODY = YES;
				CLANG_WARN_ENUM_CONVERSION = YES;
				CLANG_WARN_INFINITE_RECURSION = YES;
				CLANG_WARN_INT_CONVERSION = YES;
				CLANG_WARN_NON_LITERAL_NULL_CONVERSION = YES;
				CLANG_WARN_OBJC_IMPLICIT_RETAIN_SELF = YES;
				CLANG_WARN_OBJC_LITERAL_CONVERSION = YES;
				CLANG_WARN_OBJC_ROOT_CLASS = YES_ERROR;
				CLANG_WARN_QUOTED_INCLUDE_IN_FRAMEWORK_HEADER = YES;
				CLANG_WARN_RANGE_LOOP_ANALYSIS = YES;
				CLANG_WARN_STRICT_PROTOTYPES = YES;
				CLANG_WARN_SUSPICIOUS_MOVE = YES;
				CLANG_WARN_UNGUARDED_AVAILABILITY = YES_AGGRESSIVE;
				CLANG_WARN_UNREACHABLE_CODE = YES;
				CLANG_WARN__DUPLICATE_METHOD_MATCH = YES;
				COPY_PHASE_STRIP = NO;
				DEBUG_INFORMATION_FORMAT = dwarf;
				ENABLE_STRICT_OBJC_MSGSEND = YES;
				ENABLE_TESTABILITY = YES;
				ENABLE_USER_SCRIPT_SANDBOXING = YES;
				GCC_C_LANGUAGE_STANDARD = gnu17;
				GCC_DYNAMIC_NO_PIC = NO;
				GCC_NO_COMMON_BLOCKS = YES;
				GCC_OPTIMIZATION_LEVEL = 0;
				GCC_PREPROCESSOR_DEFINITIONS = (
					"DEBUG=1",
					"$(inherited)",
				);
				GCC_WARN_64_TO_32_BIT_CONVERSION = YES;
				GCC_WARN_ABOUT_RETURN_TYPE = YES_ERROR;
				GCC_WARN_UNDECLARED_SELECTOR = YES;
				GCC_WARN_UNINITIALIZED_AUTOS = YES_AGGRESSIVE;
				GCC_WARN_UNUSED_FUNCTION = YES;
				GCC_WARN_UNUSED_VARIABLE = YES;
				IPHONEOS_DEPLOYMENT_TARGET = 18.2;
				LOCALIZATION_PREFERS_STRING_CATALOGS = YES;
				MTL_ENABLE_DEBUG_INFO = INCLUDE_SOURCE;
				MTL_FAST_MATH = YES;
				ONLY_ACTIVE_ARCH = YES;
				SDKROOT = iphoneos;
				SWIFT_ACTIVE_COMPILATION_CONDITIONS = "DEBUG $(inherited)";
				SWIFT_OPTIMIZATION_LEVEL = "-Onone";
			};
			name = Debug;
		};
		80848C152D94E5C700AA0454 /* Release */ = {
			isa = XCBuildConfiguration;
			buildSettings = {
				ALWAYS_SEARCH_USER_PATHS = NO;
				ASSETCATALOG_COMPILER_GENERATE_SWIFT_ASSET_SYMBOL_EXTENSIONS = YES;
				CLANG_ANALYZER_NONNULL = YES;
				CLANG_ANALYZER_NUMBER_OBJECT_CONVERSION = YES_AGGRESSIVE;
				CLANG_CXX_LANGUAGE_STANDARD = "gnu++20";
				CLANG_ENABLE_MODULES = YES;
				CLANG_ENABLE_OBJC_ARC = YES;
				CLANG_ENABLE_OBJC_WEAK = YES;
				CLANG_WARN_BLOCK_CAPTURE_AUTORELEASING = YES;
				CLANG_WARN_BOOL_CONVERSION = YES;
				CLANG_WARN_COMMA = YES;
				CLANG_WARN_CONSTANT_CONVERSION = YES;
				CLANG_WARN_DEPRECATED_OBJC_IMPLEMENTATIONS = YES;
				CLANG_WARN_DIRECT_OBJC_ISA_USAGE = YES_ERROR;
				CLANG_WARN_DOCUMENTATION_COMMENTS = YES;
				CLANG_WARN_EMPTY_BODY = YES;
				CLANG_WARN_ENUM_CONVERSION = YES;
				CLANG_WARN_INFINITE_RECURSION = YES;
				CLANG_WARN_INT_CONVERSION = YES;
				CLANG_WARN_NON_LITERAL_NULL_CONVERSION = YES;
				CLANG_WARN_OBJC_IMPLICIT_RETAIN_SELF = YES;
				CLANG_WARN_OBJC_LITERAL_CONVERSION = YES;
				CLANG_WARN_OBJC_ROOT_CLASS = YES_ERROR;
				CLANG_WARN_QUOTED_INCLUDE_IN_FRAMEWORK_HEADER = YES;
				CLANG_WARN_RANGE_LOOP_ANALYSIS = YES;
				CLANG_WARN_STRICT_PROTOTYPES = YES;
				CLANG_WARN_SUSPICIOUS_MOVE = YES;
				CLANG_WARN_UNGUARDED_AVAILABILITY = YES_AGGRESSIVE;
				CLANG_WARN_UNREACHABLE_CODE = YES;
				CLANG_WARN__DUPLICATE_METHOD_MATCH = YES;
				COPY_PHASE_STRIP = NO;
				DEBUG_INFORMATION_FORMAT = "dwarf-with-dsym";
				ENABLE_NS_ASSERTIONS = NO;
				ENABLE_STRICT_OBJC_MSGSEND = YES;
				ENABLE_USER_SCRIPT_SANDBOXING = YES;
				GCC_C_LANGUAGE_STANDARD = gnu17;
				GCC_NO_COMMON_BLOCKS = YES;
				GCC_WARN_64_TO_32_BIT_CONVERSION = YES;
				GCC_WARN_ABOUT_RETURN_TYPE = YES_ERROR;
				GCC_WARN_UNDECLARED_SELECTOR = YES;
				GCC_WARN_UNINITIALIZED_AUTOS = YES_AGGRESSIVE;
				GCC_WARN_UNUSED_FUNCTION = YES;
				GCC_WARN_UNUSED_VARIABLE = YES;
				IPHONEOS_DEPLOYMENT_TARGET = 18.2;
				LOCALIZATION_PREFERS_STRING_CATALOGS = YES;
				MTL_ENABLE_DEBUG_INFO = NO;
				MTL_FAST_MATH = YES;
				SDKROOT = iphoneos;
				SWIFT_COMPILATION_MODE = wholemodule;
				VALIDATE_PRODUCT = YES;
			};
			name = Release;
		};
		80848C172D94E5C700AA0454 /* Debug */ = {
			isa = XCBuildConfiguration;
			buildSettings = {
				ASSETCATALOG_COMPILER_APPICON_NAME = AppIcon;
				ASSETCATALOG_COMPILER_GLOBAL_ACCENT_COLOR_NAME = AccentColor;
				CODE_SIGN_STYLE = Automatic;
				CURRENT_PROJECT_VERSION = 1;
				DEVELOPMENT_ASSET_PATHS = "\"PhotoExif/Preview Content\"";
				DEVELOPMENT_TEAM = 6883D837G9;
				ENABLE_PREVIEWS = YES;
				GENERATE_INFOPLIST_FILE = YES;
				INFOPLIST_FILE = PhotoExif/Info.plist;
				INFOPLIST_KEY_NSPhotoLibraryUsageDescription = "保存";
				INFOPLIST_KEY_UIApplicationSceneManifest_Generation = YES;
				INFOPLIST_KEY_UIApplicationSupportsIndirectInputEvents = YES;
				INFOPLIST_KEY_UILaunchScreen_Generation = YES;
				INFOPLIST_KEY_UISupportedInterfaceOrientations_iPad = "UIInterfaceOrientationPortrait UIInterfaceOrientationPortraitUpsideDown UIInterfaceOrientationLandscapeLeft UIInterfaceOrientationLandscapeRight";
				INFOPLIST_KEY_UISupportedInterfaceOrientations_iPhone = "UIInterfaceOrientationPortrait UIInterfaceOrientationLandscapeLeft UIInterfaceOrientationLandscapeRight";
				LD_RUNPATH_SEARCH_PATHS = (
					"$(inherited)",
					"@executable_path/Frameworks",
				);
				MARKETING_VERSION = 1.0;
				PRODUCT_BUNDLE_IDENTIFIER = app.kanai.natsuki.PhotoExif;
				PRODUCT_NAME = "$(TARGET_NAME)";
				SWIFT_EMIT_LOC_STRINGS = YES;
				SWIFT_VERSION = 5.0;
				TARGETED_DEVICE_FAMILY = "1,2";
			};
			name = Debug;
		};
		80848C182D94E5C700AA0454 /* Release */ = {
			isa = XCBuildConfiguration;
			buildSettings = {
				ASSETCATALOG_COMPILER_APPICON_NAME = AppIcon;
				ASSETCATALOG_COMPILER_GLOBAL_ACCENT_COLOR_NAME = AccentColor;
				CODE_SIGN_STYLE = Automatic;
				CURRENT_PROJECT_VERSION = 1;
				DEVELOPMENT_ASSET_PATHS = "\"PhotoExif/Preview Content\"";
				DEVELOPMENT_TEAM = 6883D837G9;
				ENABLE_PREVIEWS = YES;
				GENERATE_INFOPLIST_FILE = YES;
				INFOPLIST_FILE = PhotoExif/Info.plist;
				INFOPLIST_KEY_NSPhotoLibraryUsageDescription = "保存";
				INFOPLIST_KEY_UIApplicationSceneManifest_Generation = YES;
				INFOPLIST_KEY_UIApplicationSupportsIndirectInputEvents = YES;
				INFOPLIST_KEY_UILaunchScreen_Generation = YES;
				INFOPLIST_KEY_UISupportedInterfaceOrientations_iPad = "UIInterfaceOrientationPortrait UIInterfaceOrientationPortraitUpsideDown UIInterfaceOrientationLandscapeLeft UIInterfaceOrientationLandscapeRight";
				INFOPLIST_KEY_UISupportedInterfaceOrientations_iPhone = "UIInterfaceOrientationPortrait UIInterfaceOrientationLandscapeLeft UIInterfaceOrientationLandscapeRight";
				LD_RUNPATH_SEARCH_PATHS = (
					"$(inherited)",
					"@executable_path/Frameworks",
				);
				MARKETING_VERSION = 1.0;
				PRODUCT_BUNDLE_IDENTIFIER = app.kanai.natsuki.PhotoExif;
				PRODUCT_NAME = "$(TARGET_NAME)";
				SWIFT_EMIT_LOC_STRINGS = YES;
				SWIFT_VERSION = 5.0;
				TARGETED_DEVICE_FAMILY = "1,2";
			};
			name = Release;
		};
		80848C1A2D94E5C700AA0454 /* Debug */ = {
			isa = XCBuildConfiguration;
			buildSettings = {
				BUNDLE_LOADER = "$(TEST_HOST)";
				CODE_SIGN_STYLE = Automatic;
				CURRENT_PROJECT_VERSION = 1;
				GENERATE_INFOPLIST_FILE = YES;
				IPHONEOS_DEPLOYMENT_TARGET = 18.2;
				MARKETING_VERSION = 1.0;
				PRODUCT_BUNDLE_IDENTIFIER = app.kanai.natsuki.PhotoExifTests;
				PRODUCT_NAME = "$(TARGET_NAME)";
				SWIFT_EMIT_LOC_STRINGS = NO;
				SWIFT_VERSION = 5.0;
				TARGETED_DEVICE_FAMILY = "1,2";
				TEST_HOST = "$(BUILT_PRODUCTS_DIR)/PhotoExif.app/$(BUNDLE_EXECUTABLE_FOLDER_PATH)/PhotoExif";
			};
			name = Debug;
		};
		80848C1B2D94E5C700AA0454 /* Release */ = {
			isa = XCBuildConfiguration;
			buildSettings = {
				BUNDLE_LOADER = "$(TEST_HOST)";
				CODE_SIGN_STYLE = Automatic;
				CURRENT_PROJECT_VERSION = 1;
				GENERATE_INFOPLIST_FILE = YES;
				IPHONEOS_DEPLOYMENT_TARGET = 18.2;
				MARKETING_VERSION = 1.0;
				PRODUCT_BUNDLE_IDENTIFIER = app.kanai.natsuki.PhotoExifTests;
				PRODUCT_NAME = "$(TARGET_NAME)";
				SWIFT_EMIT_LOC_STRINGS = NO;
				SWIFT_VERSION = 5.0;
				TARGETED_DEVICE_FAMILY = "1,2";
				TEST_HOST = "$(BUILT_PRODUCTS_DIR)/PhotoExif.app/$(BUNDLE_EXECUTABLE_FOLDER_PATH)/PhotoExif";
			};
			name = Release;
		};
		80848C1D2D94E5C700AA0454 /* Debug */ = {
			isa = XCBuildConfiguration;
			buildSettings = {
				CODE_SIGN_STYLE = Automatic;
				CURRENT_PROJECT_VERSION = 1;
				GENERATE_INFOPLIST_FILE = YES;
				MARKETING_VERSION = 1.0;
				PRODUCT_BUNDLE_IDENTIFIER = app.kanai.natsuki.PhotoExifUITests;
				PRODUCT_NAME = "$(TARGET_NAME)";
				SWIFT_EMIT_LOC_STRINGS = NO;
				SWIFT_VERSION = 5.0;
				TARGETED_DEVICE_FAMILY = "1,2";
				TEST_TARGET_NAME = PhotoExif;
			};
			name = Debug;
		};
		80848C1E2D94E5C700AA0454 /* Release */ = {
			isa = XCBuildConfiguration;
			buildSettings = {
				CODE_SIGN_STYLE = Automatic;
				CURRENT_PROJECT_VERSION = 1;
				GENERATE_INFOPLIST_FILE = YES;
				MARKETING_VERSION = 1.0;
				PRODUCT_BUNDLE_IDENTIFIER = app.kanai.natsuki.PhotoExifUITests;
				PRODUCT_NAME = "$(TARGET_NAME)";
				SWIFT_EMIT_LOC_STRINGS = NO;
				SWIFT_VERSION = 5.0;
				TARGETED_DEVICE_FAMILY = "1,2";
				TEST_TARGET_NAME = PhotoExif;
			};
			name = Release;
		};
/* End XCBuildConfiguration section */

/* Begin XCConfigurationList section */
		80848BED2D94E5C300AA0454 /* Build configuration list for PBXProject "PhotoExif" */ = {
			isa = XCConfigurationList;
			buildConfigurations = (
				80848C142D94E5C700AA0454 /* Debug */,
				80848C152D94E5C700AA0454 /* Release */,
			);
			defaultConfigurationIsVisible = 0;
			defaultConfigurationName = Release;
		};
		80848C162D94E5C700AA0454 /* Build configuration list for PBXNativeTarget "PhotoExif" */ = {
			isa = XCConfigurationList;
			buildConfigurations = (
				80848C172D94E5C700AA0454 /* Debug */,
				80848C182D94E5C700AA0454 /* Release */,
			);
			defaultConfigurationIsVisible = 0;
			defaultConfigurationName = Release;
		};
		80848C192D94E5C700AA0454 /* Build configuration list for PBXNativeTarget "PhotoExifTests" */ = {
			isa = XCConfigurationList;
			buildConfigurations = (
				80848C1A2D94E5C700AA0454 /* Debug */,
				80848C1B2D94E5C700AA0454 /* Release */,
			);
			defaultConfigurationIsVisible = 0;
			defaultConfigurationName = Release;
		};
		80848C1C2D94E5C700AA0454 /* Build configuration list for PBXNativeTarget "PhotoExifUITests" */ = {
			isa = XCConfigurationList;
			buildConfigurations = (
				80848C1D2D94E5C700AA0454 /* Debug */,
				80848C1E2D94E5C700AA0454 /* Release */,
			);
			defaultConfigurationIsVisible = 0;
			defaultConfigurationName = Release;
		};
/* End XCConfigurationList section */
	};
	rootObject = 80848BEA2D94E5C300AA0454 /* Project object */;
}
